{"version":4,"terraform_version":"1.10.5","serial":13,"lineage":"d0cd78cd-bb6f-ecb0-e4ef-a13036d1e00b","outputs":{},"resources":[{"module":"module.tftesting_function","mode":"managed","type":"aws_security_group","name":"function","provider":"provider[\"registry.opentofu.org/hashicorp/aws\"]","instances":[{"schema_version":1,"attributes":{"arn":"arn:aws:ec2:us-east-1:539247469933:security-group/sg-02c833bbcbe3adf49","description":"For the cdap-test-tftesting function","egress":[{"cidr_blocks":["0.0.0.0/0"],"description":"Allow HTTPS egress for AWS API calls","from_port":443,"ipv6_cidr_blocks":[],"prefix_list_ids":[],"protocol":"tcp","security_groups":[],"self":false,"to_port":443}],"id":"sg-02c833bbcbe3adf49","ingress":[],"name":"cdap-test-tftesting-function","name_prefix":"","owner_id":"539247469933","region":"us-east-1","revoke_rules_on_delete":false,"tags":{},"tags_all":{"application":"cdap","business":"oeda","environment":"test","parent_env":"test","service":"function","terraform":"true","tf_root_module":"https://github.com/CMSgov/cdap/tree/main/terraform/services/tftesting/function/"},"timeouts":null,"vpc_id":"vpc-07cac3327db239c92"},"sensitive_attributes":[],"private":"eyJlMmJmYjczMC1lY2FhLTExZTYtOGY4OC0zNDM2M2JjN2M0YzAiOnsiY3JlYXRlIjo2MDAwMDAwMDAwMDAsImRlbGV0ZSI6OTAwMDAwMDAwMDAwfSwic2NoZW1hX3ZlcnNpb24iOiIxIn0=","dependencies":["module.tftesting_function.module.vpc.data.aws_vpc.this"]}]},{"module":"module.tftesting_function.module.vpc","mode":"data","type":"aws_vpc","name":"this","provider":"provider[\"registry.opentofu.org/hashicorp/aws\"]","instances":[{"schema_version":0,"attributes":{"arn":"arn:aws:ec2:us-east-1:539247469933:vpc/vpc-07cac3327db239c92","cidr_block":"10.206.136.0/23","cidr_block_associations":[{"association_id":"vpc-cidr-assoc-09d2e93843c269cce","cidr_block":"10.206.136.0/23","state":"associated"}],"default":false,"dhcp_options_id":"dopt-0cfefa5e79cbb77d6","enable_dns_hostnames":true,"enable_dns_support":true,"enable_network_address_usage_metrics":false,"filter":[{"name":"tag:Name","values":["cdap-east-test"]}],"id":"vpc-07cac3327db239c92","instance_tenancy":"default","ipv6_association_id":"","ipv6_cidr_block":"","main_route_table_id":"rtb-0c3e7a2329d6efbec","owner_id":"539247469933","region":"us-east-1","state":null,"tags":{"Automated":"true","Name":"cdap-east-test","stack":"test"},"timeouts":null},"sensitive_attributes":[]}]}],"check_results":[{"object_kind":"var","config_addr":"module.tftesting_function.var.ssm_parameter_paths","status":"pass","objects":[{"object_addr":"module.tftesting_function.var.ssm_parameter_paths","status":"pass"}]},{"object_kind":"var","config_addr":"module.platform.var.app","status":"pass","objects":[{"object_addr":"module.platform.var.app","status":"pass"}]},{"object_kind":"var","config_addr":"module.tftesting_function.module.zip_bucket.var.env","status":"pass","objects":[{"object_addr":"module.tftesting_function.module.zip_bucket.var.env","status":"pass"}]},{"object_kind":"var","config_addr":"module.tftesting_function.module.vpc.var.env","status":"pass","objects":[{"object_addr":"module.tftesting_function.module.vpc.var.env","status":"pass"}]},{"object_kind":"var","config_addr":"module.tftesting_function.module.subnets.var.use","status":"pass","objects":[{"object_addr":"module.tftesting_function.module.subnets.var.use","status":"pass"}]},{"object_kind":"var","config_addr":"module.platform.var.env","status":"pass","objects":[{"object_addr":"module.platform.var.env","status":"pass"}]},{"object_kind":"var","config_addr":"module.tftesting_function.module.vpc.var.app","status":"pass","objects":[{"object_addr":"module.tftesting_function.module.vpc.var.app","status":"pass"}]},{"object_kind":"var","config_addr":"module.tftesting_function.var.architecture","status":"pass","objects":[{"object_addr":"module.tftesting_function.var.architecture","status":"pass"}]},{"object_kind":"var","config_addr":"module.tftesting_function.var.env","status":"pass","objects":[{"object_addr":"module.tftesting_function.var.env","status":"pass"}]},{"object_kind":"var","config_addr":"module.tftesting_function.module.zip_bucket.var.app","status":"pass","objects":[{"object_addr":"module.tftesting_function.module.zip_bucket.var.app","status":"pass"}]},{"object_kind":"var","config_addr":"module.tftesting_function.var.app","status":"pass","objects":[{"object_addr":"module.tftesting_function.var.app","status":"pass"}]}]}
